// !$*UTF8*$!
{
	archiveVersion = 1;
	classes = {
	};
	objectVersion = 46;
	objects = {

/* Begin PBXBuildFile section */
		3204A9591B29B339003D968C /* main.m in Sources */ = {isa = PBXBuildFile; fileRef = 3204A9581B29B339003D968C /* main.m */; };
		3204A95C1B29B339003D968C /* AppDelegate.m in Sources */ = {isa = PBXBuildFile; fileRef = 3204A95B1B29B339003D968C /* AppDelegate.m */; };
		3204A9621B29B339003D968C /* Main.storyboard in Resources */ = {isa = PBXBuildFile; fileRef = 3204A9601B29B339003D968C /* Main.storyboard */; };
		3204A9641B29B339003D968C /* Images.xcassets in Resources */ = {isa = PBXBuildFile; fileRef = 3204A9631B29B339003D968C /* Images.xcassets */; };
		3204A9671B29B339003D968C /* LaunchScreen.xib in Resources */ = {isa = PBXBuildFile; fileRef = 3204A9651B29B339003D968C /* LaunchScreen.xib */; };
		3204A9731B29B339003D968C /* FifoProcesos1Tests.m in Sources */ = {isa = PBXBuildFile; fileRef = 3204A9721B29B339003D968C /* FifoProcesos1Tests.m */; };
		3204A9811B29B384003D968C /* Fifo1Item.m in Sources */ = {isa = PBXBuildFile; fileRef = 3204A97E1B29B384003D968C /* Fifo1Item.m */; };
		3204A9821B29B384003D968C /* Fifo1ItemStore.m in Sources */ = {isa = PBXBuildFile; fileRef = 3204A9801B29B384003D968C /* Fifo1ItemStore.m */; };
		3204A9871B29B3E3003D968C /* Fifo1DetalleTableViewController.m in Sources */ = {isa = PBXBuildFile; fileRef = 3204A9841B29B3E3003D968C /* Fifo1DetalleTableViewController.m */; };
		3204A9881B29B3E3003D968C /* Fifo1TableViewController.m in Sources */ = {isa = PBXBuildFile; fileRef = 3204A9861B29B3E3003D968C /* Fifo1TableViewController.m */; };
/* End PBXBuildFile section */

/* Begin PBXContainerItemProxy section */
		3204A96D1B29B339003D968C /* PBXContainerItemProxy */ = {
			isa = PBXContainerItemProxy;
			containerPortal = 3204A94B1B29B339003D968C /* Project object */;
			proxyType = 1;
			remoteGlobalIDString = 3204A9521B29B339003D968C;
			remoteInfo = FifoProcesos1;
		};
/* End PBXContainerItemProxy section */

/* Begin PBXFileReference section */
		3204A9531B29B339003D968C /* FifoProcesos1.app */ = {isa = PBXFileReference; explicitFileType = wrapper.application; includeInIndex = 0; path = FifoProcesos1.app; sourceTree = BUILT_PRODUCTS_DIR; };
		3204A9571B29B339003D968C /* Info.plist */ = {isa = PBXFileReference; lastKnownFileType = text.plist.xml; path = Info.plist; sourceTree = "<group>"; };
		3204A9581B29B339003D968C /* main.m */ = {isa = PBXFileReference; lastKnownFileType = sourcecode.c.objc; path = main.m; sourceTree = "<group>"; };
		3204A95A1B29B339003D968C /* AppDelegate.h */ = {isa = PBXFileReference; lastKnownFileType = sourcecode.c.h; path = AppDelegate.h; sourceTree = "<group>"; };
		3204A95B1B29B339003D968C /* AppDelegate.m */ = {isa = PBXFileReference; lastKnownFileType = sourcecode.c.objc; path = AppDelegate.m; sourceTree = "<group>"; };
		3204A9611B29B339003D968C /* Base */ = {isa = PBXFileReference; lastKnownFileType = file.storyboard; name = Base; path = Base.lproj/Main.storyboard; sourceTree = "<group>"; };
		3204A9631B29B339003D968C /* Images.xcassets */ = {isa = PBXFileReference; lastKnownFileType = folder.assetcatalog; path = Images.xcassets; sourceTree = "<group>"; };
		3204A9661B29B339003D968C /* Base */ = {isa = PBXFileReference; lastKnownFileType = file.xib; name = Base; path = Base.lproj/LaunchScreen.xib; sourceTree = "<group>"; };
		3204A96C1B29B339003D968C /* FifoProcesos1Tests.xctest */ = {isa = PBXFileReference; explicitFileType = wrapper.cfbundle; includeInIndex = 0; path = FifoProcesos1Tests.xctest; sourceTree = BUILT_PRODUCTS_DIR; };
		3204A9711B29B339003D968C /* Info.plist */ = {isa = PBXFileReference; lastKnownFileType = text.plist.xml; path = Info.plist; sourceTree = "<group>"; };
		3204A9721B29B339003D968C /* FifoProcesos1Tests.m */ = {isa = PBXFileReference; lastKnownFileType = sourcecode.c.objc; path = FifoProcesos1Tests.m; sourceTree = "<group>"; };
		3204A97D1B29B384003D968C /* Fifo1Item.h */ = {isa = PBXFileReference; fileEncoding = 4; lastKnownFileType = sourcecode.c.h; path = Fifo1Item.h; sourceTree = "<group>"; };
		3204A97E1B29B384003D968C /* Fifo1Item.m */ = {isa = PBXFileReference; fileEncoding = 4; lastKnownFileType = sourcecode.c.objc; path = Fifo1Item.m; sourceTree = "<group>"; };
		3204A97F1B29B384003D968C /* Fifo1ItemStore.h */ = {isa = PBXFileReference; fileEncoding = 4; lastKnownFileType = sourcecode.c.h; path = Fifo1ItemStore.h; sourceTree = "<group>"; };
		3204A9801B29B384003D968C /* Fifo1ItemStore.m */ = {isa = PBXFileReference; fileEncoding = 4; lastKnownFileType = sourcecode.c.objc; path = Fifo1ItemStore.m; sourceTree = "<group>"; };
		3204A9831B29B3E3003D968C /* Fifo1DetalleTableViewController.h */ = {isa = PBXFileReference; fileEncoding = 4; lastKnownFileType = sourcecode.c.h; path = Fifo1DetalleTableViewController.h; sourceTree = "<group>"; };
		3204A9841B29B3E3003D968C /* Fifo1DetalleTableViewController.m */ = {isa = PBXFileReference; fileEncoding = 4; lastKnownFileType = sourcecode.c.objc; path = Fifo1DetalleTableViewController.m; sourceTree = "<group>"; };
		3204A9851B29B3E3003D968C /* Fifo1TableViewController.h */ = {isa = PBXFileReference; fileEncoding = 4; lastKnownFileType = sourcecode.c.h; path = Fifo1TableViewController.h; sourceTree = "<group>"; };
		3204A9861B29B3E3003D968C /* Fifo1TableViewController.m */ = {isa = PBXFileReference; fileEncoding = 4; lastKnownFileType = sourcecode.c.objc; path = Fifo1TableViewController.m; sourceTree = "<group>"; };
/* End PBXFileReference section */

/* Begin PBXFrameworksBuildPhase section */
		3204A9501B29B339003D968C /* Frameworks */ = {
			isa = PBXFrameworksBuildPhase;
			buildActionMask = 2147483647;
			files = (
			);
			runOnlyForDeploymentPostprocessing = 0;
		};
		3204A9691B29B339003D968C /* Frameworks */ = {
			isa = PBXFrameworksBuildPhase;
			buildActionMask = 2147483647;
			files = (
			);
			runOnlyForDeploymentPostprocessing = 0;
		};
/* End PBXFrameworksBuildPhase section */

/* Begin PBXGroup section */
		3204A94A1B29B339003D968C = {
			isa = PBXGroup;
			children = (
				3204A9551B29B339003D968C /* FifoProcesos1 */,
				3204A96F1B29B339003D968C /* FifoProcesos1Tests */,
				3204A9541B29B339003D968C /* Products */,
			);
			sourceTree = "<group>";
		};
		3204A9541B29B339003D968C /* Products */ = {
			isa = PBXGroup;
			children = (
				3204A9531B29B339003D968C /* FifoProcesos1.app */,
				3204A96C1B29B339003D968C /* FifoProcesos1Tests.xctest */,
			);
			name = Products;
			sourceTree = "<group>";
		};
		3204A9551B29B339003D968C /* FifoProcesos1 */ = {
			isa = PBXGroup;
			children = (
				3204A9831B29B3E3003D968C /* Fifo1DetalleTableViewController.h */,
				3204A9841B29B3E3003D968C /* Fifo1DetalleTableViewController.m */,
				3204A9851B29B3E3003D968C /* Fifo1TableViewController.h */,
				3204A9861B29B3E3003D968C /* Fifo1TableViewController.m */,
				3204A9601B29B339003D968C /* Main.storyboard */,
				3204A9631B29B339003D968C /* Images.xcassets */,
				3204A9651B29B339003D968C /* LaunchScreen.xib */,
				3204A97C1B29B384003D968C /* Model */,
				3204A9561B29B339003D968C /* Supporting Files */,
			);
			path = FifoProcesos1;
			sourceTree = "<group>";
		};
		3204A9561B29B339003D968C /* Supporting Files */ = {
			isa = PBXGroup;
			children = (
				3204A95A1B29B339003D968C /* AppDelegate.h */,
				3204A95B1B29B339003D968C /* AppDelegate.m */,
				3204A9571B29B339003D968C /* Info.plist */,
				3204A9581B29B339003D968C /* main.m */,
			);
			name = "Supporting Files";
			sourceTree = "<group>";
		};
		3204A96F1B29B339003D968C /* FifoProcesos1Tests */ = {
			isa = PBXGroup;
			children = (
				3204A9721B29B339003D968C /* FifoProcesos1Tests.m */,
				3204A9701B29B339003D968C /* Supporting Files */,
			);
			path = FifoProcesos1Tests;
			sourceTree = "<group>";
		};
		3204A9701B29B339003D968C /* Supporting Files */ = {
			isa = PBXGroup;
			children = (
				3204A9711B29B339003D968C /* Info.plist */,
			);
			name = "Supporting Files";
			sourceTree = "<group>";
		};
		3204A97C1B29B384003D968C /* Model */ = {
			isa = PBXGroup;
			children = (
				3204A97D1B29B384003D968C /* Fifo1Item.h */,
				3204A97E1B29B384003D968C /* Fifo1Item.m */,
				3204A97F1B29B384003D968C /* Fifo1ItemStore.h */,
				3204A9801B29B384003D968C /* Fifo1ItemStore.m */,
			);
			path = Model;
			sourceTree = "<group>";
		};
/* End PBXGroup section */

/* Begin PBXNativeTarget section */
		3204A9521B29B339003D968C /* FifoProcesos1 */ = {
			isa = PBXNativeTarget;
			buildConfigurationList = 3204A9761B29B339003D968C /* Build configuration list for PBXNativeTarget "FifoProcesos1" */;
			buildPhases = (
				3204A94F1B29B339003D968C /* Sources */,
				3204A9501B29B339003D968C /* Frameworks */,
				3204A9511B29B339003D968C /* Resources */,
			);
			buildRules = (
			);
			dependencies = (
			);
			name = FifoProcesos1;
			productName = FifoProcesos1;
			productReference = 3204A9531B29B339003D968C /* FifoProcesos1.app */;
			productType = "com.apple.product-type.application";
		};
		3204A96B1B29B339003D968C /* FifoProcesos1Tests */ = {
			isa = PBXNativeTarget;
			buildConfigurationList = 3204A9791B29B339003D968C /* Build configuration list for PBXNativeTarget "FifoProcesos1Tests" */;
			buildPhases = (
				3204A9681B29B339003D968C /* Sources */,
				3204A9691B29B339003D968C /* Frameworks */,
				3204A96A1B29B339003D968C /* Resources */,
			);
			buildRules = (
			);
			dependencies = (
				3204A96E1B29B339003D968C /* PBXTargetDependency */,
			);
			name = FifoProcesos1Tests;
			productName = FifoProcesos1Tests;
			productReference = 3204A96C1B29B339003D968C /* FifoProcesos1Tests.xctest */;
			productType = "com.apple.product-type.bundle.unit-test";
		};
/* End PBXNativeTarget section */

/* Begin PBXProject section */
		3204A94B1B29B339003D968C /* Project object */ = {
			isa = PBXProject;
			attributes = {
				LastUpgradeCheck = 0630;
				ORGANIZATIONNAME = "Renán Díaz Reyes";
				TargetAttributes = {
					3204A9521B29B339003D968C = {
						CreatedOnToolsVersion = 6.3.2;
						DevelopmentTeam = W5SWU29W6D;
					};
					3204A96B1B29B339003D968C = {
						CreatedOnToolsVersion = 6.3.2;
						TestTargetID = 3204A9521B29B339003D968C;
					};
				};
			};
			buildConfigurationList = 3204A94E1B29B339003D968C /* Build configuration list for PBXProject "FifoProcesos1" */;
			compatibilityVersion = "Xcode 3.2";
			developmentRegion = English;
			hasScannedForEncodings = 0;
			knownRegions = (
				en,
				Base,
			);
			mainGroup = 3204A94A1B29B339003D968C;
			productRefGroup = 3204A9541B29B339003D968C /* Products */;
			projectDirPath = "";
			projectRoot = "";
			targets = (
				3204A9521B29B339003D968C /* FifoProcesos1 */,
				3204A96B1B29B339003D968C /* FifoProcesos1Tests */,
			);
		};
/* End PBXProject section */

/* Begin PBXResourcesBuildPhase section */
		3204A9511B29B339003D968C /* Resources */ = {
			isa = PBXResourcesBuildPhase;
			buildActionMask = 2147483647;
			files = (
				3204A9621B29B339003D968C /* Main.storyboard in Resources */,
				3204A9671B29B339003D968C /* LaunchScreen.xib in Resources */,
				3204A9641B29B339003D968C /* Images.xcassets in Resources */,
			);
			runOnlyForDeploymentPostprocessing = 0;
		};
		3204A96A1B29B339003D968C /* Resources */ = {
			isa = PBXResourcesBuildPhase;
			buildActionMask = 2147483647;
			files = (
			);
			runOnlyForDeploymentPostprocessing = 0;
		};
/* End PBXResourcesBuildPhase section */

/* Begin PBXSourcesBuildPhase section */
		3204A94F1B29B339003D968C /* Sources */ = {
			isa = PBXSourcesBuildPhase;
			buildActionMask = 2147483647;
			files = (
				3204A9821B29B384003D968C /* Fifo1ItemStore.m in Sources */,
				3204A95C1B29B339003D968C /* AppDelegate.m in Sources */,
				3204A9881B29B3E3003D968C /* Fifo1TableViewController.m in Sources */,
				3204A9871B29B3E3003D968C /* Fifo1DetalleTableViewController.m in Sources */,
				3204A9811B29B384003D968C /* Fifo1Item.m in Sources */,
				3204A9591B29B339003D968C /* main.m in Sources */,
			);
			runOnlyForDeploymentPostprocessing = 0;
		};
		3204A9681B29B339003D968C /* Sources */ = {
			isa = PBXSourcesBuildPhase;
			buildActionMask = 2147483647;
			files = (
				3204A9731B29B339003D968C /* FifoProcesos1Tests.m in Sources */,
			);
			runOnlyForDeploymentPostprocessing = 0;
		};
/* End PBXSourcesBuildPhase section */

/* Begin PBXTargetDependency section */
		3204A96E1B29B339003D968C /* PBXTargetDependency */ = {
			isa = PBXTargetDependency;
			target = 3204A9521B29B339003D968C /* FifoProcesos1 */;
			targetProxy = 3204A96D1B29B339003D968C /* PBXContainerItemProxy */;
		};
/* End PBXTargetDependency section */

/* Begin PBXVariantGroup section */
		3204A9601B29B339003D968C /* Main.storyboard */ = {
			isa = PBXVariantGroup;
			children = (
				3204A9611B29B339003D968C /* Base */,
			);
			name = Main.storyboard;
			sourceTree = "<group>";
		};
		3204A9651B29B339003D968C /* LaunchScreen.xib */ = {
			isa = PBXVariantGroup;
			children = (
				3204A9661B29B339003D968C /* Base */,
			);
			name = LaunchScreen.xib;
			sourceTree = "<group>";
		};
/* End PBXVariantGroup section */

/* Begin XCBuildConfiguration section */
		3204A9741B29B339003D968C /* Debug */ = {
			isa = XCBuildConfiguration;
			buildSettings = {
				ALWAYS_SEARCH_USER_PATHS = NO;
				CLANG_CXX_LANGUAGE_STANDARD = "gnu++0x";
				CLANG_CXX_LIBRARY = "libc++";
				CLANG_ENABLE_MODULES = YES;
				CLANG_ENABLE_OBJC_ARC = YES;
				CLANG_WARN_BOOL_CONVERSION = YES;
				CLANG_WARN_CONSTANT_CONVERSION = YES;
				CLANG_WARN_DIRECT_OBJC_ISA_USAGE = YES_ERROR;
				CLANG_WARN_EMPTY_BODY = YES;
				CLANG_WARN_ENUM_CONVERSION = YES;
				CLANG_WARN_INT_CONVERSION = YES;
				CLANG_WARN_OBJC_ROOT_CLASS = YES_ERROR;
				CLANG_WARN_UNREACHABLE_CODE = YES;
				CLANG_WARN__DUPLICATE_METHOD_MATCH = YES;
				"CODE_SIGN_IDENTITY[sdk=iphoneos*]" = "iPhone Developer";
				COPY_PHASE_STRIP = NO;
				DEBUG_INFORMATION_FORMAT = "dwarf-with-dsym";
				ENABLE_STRICT_OBJC_MSGSEND = YES;
				GCC_C_LANGUAGE_STANDARD = gnu99;
				GCC_DYNAMIC_NO_PIC = NO;
				GCC_NO_COMMON_BLOCKS = YES;
				GCC_OPTIMIZATION_LEVEL = 0;
				GCC_PREPROCESSOR_DEFINITIONS = (
					"DEBUG=1",
					"$(inherited)",
				);
				GCC_SYMBOLS_PRIVATE_EXTERN = NO;
				GCC_WARN_64_TO_32_BIT_CONVERSION = YES;
				GCC_WARN_ABOUT_RETURN_TYPE = YES_ERROR;
				GCC_WARN_UNDECLARED_SELECTOR = YES;
				GCC_WARN_UNINITIALIZED_AUTOS = YES_AGGRESSIVE;
				GCC_WARN_UNUSED_FUNCTION = YES;
				GCC_WARN_UNUSED_VARIABLE = YES;
				IPHONEOS_DEPLOYMENT_TARGET = 8.3;
				MTL_ENABLE_DEBUG_INFO = YES;
				ONLY_ACTIVE_ARCH = YES;
				SDKROOT = iphoneos;
				TARGETED_DEVICE_FAMILY = "1,2";
			};
			name = Debug;
		};
		3204A9751B29B339003D968C /* Release */ = {
			isa = XCBuildConfiguration;
			buildSettings = {
				ALWAYS_SEARCH_USER_PATHS = NO;
				CLANG_CXX_LANGUAGE_STANDARD = "gnu++0x";
				CLANG_CXX_LIBRARY = "libc++";
				CLANG_ENABLE_MODULES = YES;
				CLANG_ENABLE_OBJC_ARC = YES;
				CLANG_WARN_BOOL_CONVERSION = YES;
				CLANG_WARN_CONSTANT_CONVERSION = YES;
				CLANG_WARN_DIRECT_OBJC_ISA_USAGE = YES_ERROR;
				CLANG_WARN_EMPTY_BODY = YES;
				CLANG_WARN_ENUM_CONVERSION = YES;
				CLANG_WARN_INT_CONVERSION = YES;
				CLANG_WARN_OBJC_ROOT_CLASS = YES_ERROR;
				CLANG_WARN_UNREACHABLE_CODE = YES;
				CLANG_WARN__DUPLICATE_METHOD_MATCH = YES;
				"CODE_SIGN_IDENTITY[sdk=iphoneos*]" = "iPhone Developer";
				COPY_PHASE_STRIP = NO;
				DEBUG_INFORMATION_FORMAT = "dwarf-with-dsym";
				ENABLE_NS_ASSERTIONS = NO;
				ENABLE_STRICT_OBJC_MSGSEND = YES;
				GCC_C_LANGUAGE_STANDARD = gnu99;
				GCC_NO_COMMON_BLOCKS = YES;
				GCC_WARN_64_TO_32_BIT_CONVERSION = YES;
				GCC_WARN_ABOUT_RETURN_TYPE = YES_ERROR;
				GCC_WARN_UNDECLARED_SELECTOR = YES;
				GCC_WARN_UNINITIALIZED_AUTOS = YES_AGGRESSIVE;
				GCC_WARN_UNUSED_FUNCTION = YES;
				GCC_WARN_UNUSED_VARIABLE = YES;
				IPHONEOS_DEPLOYMENT_TARGET = 8.3;
				MTL_ENABLE_DEBUG_INFO = NO;
				SDKROOT = iphoneos;
				TARGETED_DEVICE_FAMILY = "1,2";
				VALIDATE_PRODUCT = YES;
			};
			name = Release;
		};
		3204A9771B29B339003D968C /* Debug */ = {
			isa = XCBuildConfiguration;
			buildSettings = {
				ASSETCATALOG_COMPILER_APPICON_NAME = AppIcon;
				CODE_SIGN_IDENTITY = "iPhone Developer";
				"CODE_SIGN_IDENTITY[sdk=iphoneos*]" = "iPhone Developer";
				INFOPLIST_FILE = FifoProcesos1/Info.plist;
				IPHONEOS_DEPLOYMENT_TARGET = 8.3;
				LD_RUNPATH_SEARCH_PATHS = "$(inherited) @executable_path/Frameworks";
				PRODUCT_NAME = "$(TARGET_NAME)";
				PROVISIONING_PROFILE = "";
			};
			name = Debug;
		};
		3204A9781B29B339003D968C /* Release */ = {
			isa = XCBuildConfiguration;
			buildSettings = {
				ASSETCATALOG_COMPILER_APPICON_NAME = AppIcon;
				CODE_SIGN_IDENTITY = "iPhone Developer";
				"CODE_SIGN_IDENTITY[sdk=iphoneos*]" = "iPhone Developer";
				INFOPLIST_FILE = FifoProcesos1/Info.plist;
				IPHONEOS_DEPLOYMENT_TARGET = 8.3;
				LD_RUNPATH_SEARCH_PATHS = "$(inherited) @executable_path/Frameworks";
				PRODUCT_NAME = "$(TARGET_NAME)";
				PROVISIONING_PROFILE = "";
			};
			name = Release;
		};
		3204A97A1B29B339003D968C /* Debug */ = {
			isa = XCBuildConfiguration;
			buildSettings = {
				BUNDLE_LOADER = "$(TEST_HOST)";
				FRAMEWORK_SEARCH_PATHS = (
					"$(SDKROOT)/Developer/Library/Frameworks",
					"$(inherited)",
				);
				GCC_PREPROCESSOR_DEFINITIONS = (
					"DEBUG=1",
					"$(inherited)",
				);
				INFOPLIST_FILE = FifoProcesos1Tests/Info.plist;
				LD_RUNPATH_SEARCH_PATHS = "$(inherited) @executable_path/Frameworks @loader_path/Frameworks";
				PRODUCT_NAME = "$(TARGET_NAME)";
				TEST_HOST = "$(BUILT_PRODUCTS_DIR)/FifoProcesos1.app/FifoProcesos1";
			};
			name = Debug;
		};
		3204A97B1B29B339003D968C /* Release */ = {
			isa = XCBuildConfiguration;
			buildSettings = {
				BUNDLE_LOADER = "$(TEST_HOST)";
				FRAMEWORK_SEARCH_PATHS = (
					"$(SDKROOT)/Developer/Library/Frameworks",
					"$(inherited)",
				);
				INFOPLIST_FILE = FifoProcesos1Tests/Info.plist;
				LD_RUNPATH_SEARCH_PATHS = "$(inherited) @executable_path/Frameworks @loader_path/Frameworks";
				PRODUCT_NAME = "$(TARGET_NAME)";
				TEST_HOST = "$(BUILT_PRODUCTS_DIR)/FifoProcesos1.app/FifoProcesos1";
			};
			name = Release;
		};
/* End XCBuildConfiguration section */

/* Begin XCConfigurationList section */
		3204A94E1B29B339003D968C /* Build configuration list for PBXProject "FifoProcesos1" */ = {
			isa = XCConfigurationList;
			buildConfigurations = (
				3204A9741B29B339003D968C /* Debug */,
				3204A9751B29B339003D968C /* Release */,
			);
			defaultConfigurationIsVisible = 0;
			defaultConfigurationName = Release;
		};
		3204A9761B29B339003D968C /* Build configuration list for PBXNativeTarget "FifoProcesos1" */ = {
			isa = XCConfigurationList;
			buildConfigurations = (
				3204A9771B29B339003D968C /* Debug */,
				3204A9781B29B339003D968C /* Release */,
			);
			defaultConfigurationIsVisible = 0;
			defaultConfigurationName = Release;
		};
		3204A9791B29B339003D968C /* Build configuration list for PBXNativeTarget "FifoProcesos1Tests" */ = {
			isa = XCConfigurationList;
			buildConfigurations = (
				3204A97A1B29B339003D968C /* Debug */,
				3204A97B1B29B339003D968C /* Release */,
			);
			defaultConfigurationIsVisible = 0;
			defaultConfigurationName = Release;
		};
/* End XCConfigurationList section */
	};
	rootObject = 3204A94B1B29B339003D968C /* Project object */;
}
